;; bl.lock — this tree's resolved dependencies, as facts.
;;
;; The SAME set and the SAME digests `mix.lock` held: a change of file format, not
;; a re-resolution. Nothing here chooses a version — a lock names versions,
;; `bl deps fetch` obtains exactly those, `bl deps verify` proves the store holds
;; them offline. A resolver that pretends to be a fetcher is how a build becomes
;; unreproducible, so resolution stays a separate problem.
;;
;; The digest is the hex TARBALL's sha256 — the same value Mix wrote — so the
;; conversion cannot silently change what a build means.

[:dep abnf_parsec 2.1.0 c4e88d5d089f1698297c0daced12be1fb404e6e577ecf261313ebba5477941f9 hex]
[:dep aws_signature 0.4.3 28a308f9d39fd8d197874b6b737e8cd50a41be4d4dd765f408ca0483b026c18d hex]
[:dep bandit 1.12.4 10bbab488edf8162318d736c19c5837077b8fca2bf5d95b07b33830387124f62 hex]
[:dep circular_buffer 1.1.0 af9332c40d600cc27b160eebd9fad1bf0a8106cd62e9f57d6cc8f028d3cc46d1 hex]
[:dep decimal 3.1.1 430d87b04011ce6cbd4fd205be758311a81f87d552d40904abd00f015935b1d0 hex]
[:dep deep_merge 1.0.2 476aa7ea61c54de96220051b998d893869069094da65b96101aebf79416f8a1e hex]
[:dep dotenvy 1.1.1 00e318f3c51de9fafc4b48598447e386f19204dc18ca69886905bb8f8b08b667 hex]
[:dep ex_aws_auth 1.4.1 2f4faf59dd62933c52faf5c026f22b6b9b7d143cf30ee462204a646e3304761f hex]
[:dep ex_ratatui 0.13.0 5b9a488a8b895b06cef782ba47effd3a7e03a675d0f44d70277349ad70326671 hex]
[:dep explorer 0.12.0 d55c9884386c74bf9324a3d075603346185177d577276504f7d6579e5a8ea49a hex]
[:dep file_system 1.1.1 31864f4685b0148f25bd3fbef2b1228457c0c89024ad67f7a81a3ffbc0bbad3a hex]
[:dep finch 0.23.0 e3f9287ac25a8832f848b144c2b57346aac65b205e2e0629a52adfe6507fd837 hex]
[:dep hpax 1.0.4 777de5d433b0fbdc7c418159c8055910faa8047ffdb3d6b31098d2a46cd7685c hex]
[:dep idna 7.1.0 1067a13043538129602d2f2ce6899d8713125c7d19734aa557ce2e3ea55bd4f1 hex]
[:dep jason 1.4.5 2e3a008590b0b8d7388c20293e9dcc9cf3e5d642fd2a114e4cbbb52e595d940a hex]
[:dep jsv 0.22.0 3a2bb35dd7d1ca0034437bee8099214e40d391a5e4f058f5a0800aef91c4dfeb hex]
[:dep llm_db 2026.3.3 fa8eb363c65f5c0bf838207157a4168aad332446d01ae8e63e43c44780a61381 hex]
[:dep mime 2.0.7 b8d739037be7cd402aee1ba0306edfdef982687ee7e9859bee6198c1e7e2f128 hex]
[:dep mint 1.9.3 3337184d69179695c7a9f1714d92c11e629d36c8c037a21cf490131d3d150554 hex]
[:dep nimble_options 1.1.1 e3a492d54d85fc3fd7c5baf411d9d2852922f66e69476317787a7b2bb000a61b hex]
[:dep nimble_parsec 1.4.2 8efba0122db06df95bfaa78f791344a89352ba04baedd3849593bfce4d0dc1c6 hex]
[:dep nimble_pool 1.1.0 bf9c29fbdcba3564a8b800d1eeb5a3c58f36e1e11d7b7fb2e084a643f645f06b hex]
[:dep phoenix 1.8.11 9bb8f0c4e9f0b9eaf7f34cf8cb0bd25bd8599763a5587d64918a9ebb04027823 hex]
[:dep phoenix_html 4.3.0 d3577a5df4b6954cd7890c84d955c470b5310bb49647f0a114a6eeecc850f7ad hex]
[:dep phoenix_live_view 1.2.9 d35ddac2fab4480e6bdbf712ff104fd9e969a2bbe81b578ee80f066b371f56db hex]
[:dep phoenix_pubsub 2.2.0 ff3a5616e1bed6804de7773b92cbccfc0b0f473faf1f63d7daf1206c7aeaaa6f hex]
[:dep phoenix_template 1.0.4 e2092c132f3b5e5b2d49c96695342eb36d0ed514c5b252a77048d5969330d639 hex]
[:dep plug 1.20.3 56c480c633ec2ce10140e236e15233bf576e1d323887d7c96711bd02ab5160db hex]
[:dep plug_crypto 2.2.0 144014737daaf485407f5ed77daeaad74d651b216a28c87543f8cc7043f8efc8 hex]
[:dep req 0.7.3 b141f1b465dabc5fb8ce67bd2f15a85fc80f6c75719910699560e32ce49f62ef hex]
[:dep req_llm 1.9.0 1a7dfd5ee5cd94f3e37a499c5a9a18733f37ede46c0e3f54bb644ae45048f0f8 hex]
[:dep rustler 0.38.0 7a8906998ff0d28e3021c0a73264abcda719bda344b2e58307c6805b0f87c9b4 hex]
[:dep rustler_precompiled 0.9.0 3a052eda09f3d2436364645cc1f13279cf95db310eb0c17b0d8f25484b233aa0 hex]
[:dep server_sent_events 0.2.1 f83b34f01241302a8bf451efc8dde3a36c533d5715463c31c653f3db8695f636 hex]
[:dep splode 0.3.0 ff8effecc509a51245df2f864ec78d849248647c37a75886033e3b1a53ca9470 hex]
[:dep table 0.1.2 87ad1125f5b70c5dea0307aa633194083eb5182ec537efc94e96af08937e14a8 hex]
[:dep table_rex 4.1.0 fbaa8b1ce154c9772012bf445bfb86b587430fb96f3b12022d3f35ee4a68c918 hex]
[:dep telemetry 1.4.2 a0cb522801dffb1c49fe6e30561badffc7b6d0e180db1300df759faa22062855 hex]
[:dep texture 1.2.1 ae8d875fb099bcc1ccb0269296bf6c4590116eff9a44895049379359a14d5fca hex]
[:dep thousand_island 1.5.0 f50a213cac97262b6d5ebb85745aa2c00fec1413191e6e66834788d45425cecb hex]
[:dep tidewave 0.8.2 0d586e919fe816cf2ad83b64aa73b0a08796b006338676d4b6b875cda465a2d1 hex]
[:dep toml 0.7.0 fbcd773caa937d0c7a02c301a1feea25612720ac3fa1ccb8bfd9d30d822911de hex]
[:dep uniq 0.6.3 68acff834cce1817b52928ef346662735c5413a4fec9c3b0d4a9126de5b2b489 hex]
[:dep websock 0.5.3 2f69a6ebe810328555b6fe5c831a851f485e303a7c8ce6c5f675abeb20ebdadc hex]
[:dep websock_adapter 0.6.0 73db5ab8aaefd1a876a97ce3e6afc96562625de69ef17a4e04426e034849d0b8 hex]
[:dep websockex 0.5.1 9de28d37bbe34f371eb46e29b79c94c94fff79f93c960d842fbf447253558eb4 hex]
[:dep zoi 0.18.7 0d6b09d19fd1feff4340b7c5660bab04fbc80c1642ee1e5c75f06d527ac326db hex]
