# autovcs — pinned prebuilt jj (see docs/jj-in-front-datom-in-the-back.md).
#
# Same shape as tooling/drop/erts.lock: a version, and per-target url + sha256.
# fetch.sh verifies the digest before unpacking; a mismatch is a hard stop, so a
# mirror that has been tampered with or a release re-uploaded cannot slip in.
# Digests are GitHub's own asset digests for the v0.45.1 release, read 2026-09-12.

version = "0.45.1"

[linux.x86_64]
url = "https://github.com/jj-vcs/jj/releases/download/v0.45.1/jj-v0.45.1-x86_64-unknown-linux-musl.tar.gz"
sha256 = "f35438350b5d61963aac5dd74ede510b31d6b9690769d1a6268cf058cc825f72"

[linux.aarch64]
url = "https://github.com/jj-vcs/jj/releases/download/v0.45.1/jj-v0.45.1-aarch64-unknown-linux-musl.tar.gz"
sha256 = "7349a43dd5a20dbc998b10114daa0ee63d2ab863fb822c7eb6b0ebca5903cc69"

[macos.x86_64]
url = "https://github.com/jj-vcs/jj/releases/download/v0.45.1/jj-v0.45.1-x86_64-apple-darwin.tar.gz"
sha256 = "6171582d0b5a98a1005cd9643faebff7936812ec264d7968a39d9cef3654a99b"

[macos.aarch64]
url = "https://github.com/jj-vcs/jj/releases/download/v0.45.1/jj-v0.45.1-aarch64-apple-darwin.tar.gz"
sha256 = "51ba42e3d0682616f6eb015045bfe45289b396f03511f9897f645ce8e9272743"

[windows.x86_64]
url = "https://github.com/jj-vcs/jj/releases/download/v0.45.1/jj-v0.45.1-x86_64-pc-windows-msvc.zip"
sha256 = "5dbf2619272c897394d34190a94b21a6ab8d1e8e59fcf7dfc173d8fa8aa90bf0"

[windows.aarch64]
url = "https://github.com/jj-vcs/jj/releases/download/v0.45.1/jj-v0.45.1-aarch64-pc-windows-msvc.zip"
sha256 = "0f869d108316149f211d2ba50a626b4fe8ef99232db52f13300bde106821be9e"
