# drop — pinned prebuilt ERTS bundles (docs/native-bundler.md §4).
#
# OTP patch must match the beams' target major (29 / erts-17). Bundles come
# from the beam-machine universal build service (Burrito's supply) and the
# official OTP GitHub releases for Windows. sha256 pins are mandatory before
# CI use; empty sha = unpinned, fetch warns and pack proceeds (local use only).

otp = "29.0"

[linux.x86_64]
url = "https://beam-machine-universal.b-cdn.net/OTP-29.0/linux/x86_64/any/otp_29.0_linux_any_x86_64.tar.gz?please-respect-my-bandwidth-costs=thank-you"
sha256 = "b9491928bd129063f46725af449fce8b87563586adb6df2230bad81e4229c326"

[linux.aarch64]
url = "https://beam-machine-universal.b-cdn.net/OTP-29.0/linux/aarch64/any/otp_29.0_linux_any_aarch64.tar.gz?please-respect-my-bandwidth-costs=thank-you"
sha256 = ""

[macos.universal]
url = "https://beam-machine-universal.b-cdn.net/OTP-29.0/macos/universal/otp_29.0_macos_universal.tar.gz?please-respect-my-bandwidth-costs=thank-you"
sha256 = "f963790744ffeab62baeac47705021266c25ff07beaa8cf10ec5efb266ee894a"

[windows.x86_64]
url = "https://github.com/erlang/otp/releases/download/OTP-29.0/otp_win64_29.0.exe"
sha256 = "170a059e01fbca5c209cf3fc96b1ab426f82dceecfe6399ddf26ba3e8d8b387e"
sha256 = ""
